{
  "name": "techcon-survey",
  "version": "1.0.0",
  "lockfileVersion": 1,
  "requires": true,
  "dependencies": {
    "@types/knockout": {
      "version": "3.4.46",
      "resolved": "https://registry.npmjs.org/@types/knockout/-/knockout-3.4.46.tgz",
      "integrity": "sha512-dsnfVF8CPQNv3mk7iQS2mGv7AAUVRcTGExbrlfwDD1AZPaV8cquHsVw3mLIFBsiHL8h4TiECiWtukqTF9dcEug=="
    },
    "bootstrap": {
      "version": "4.3.1",
      "resolved": "https://registry.npmjs.org/bootstrap/-/bootstrap-4.3.1.tgz",
      "integrity": "sha512-rXqOmH1VilAt2DyPzluTi2blhk17bO7ef+zLLPlWvG494pDxcM234pJ8wTc/6R40UWizAIIMgxjvxZg5kmsbag=="
    },
    "highcharts": {
      "version": "6.2.0",
      "resolved": "https://registry.npmjs.org/highcharts/-/highcharts-6.2.0.tgz",
      "integrity": "sha512-A4E89MA+kto8giic7zyLU6ZxfXnVeCUlKOyzFsah3+n4BROx4bgonl92KIBtwLud/mIWir8ahqhuhe2by9LakQ=="
    },
    "jquery": {
      "version": "3.3.1",
      "resolved": "https://registry.npmjs.org/jquery/-/jquery-3.3.1.tgz",
      "integrity": "sha512-Ubldcmxp5np52/ENotGxlLe6aGMvmF4R8S6tZjsP6Knsaxd/xp3Zrh50cG93lR6nPXyUFwzN3ZSOQI0wRJNdGg=="
    },
    "jquery-ui-dist": {
      "version": "1.12.1",
      "resolved": "https://registry.npmjs.org/jquery-ui-dist/-/jquery-ui-dist-1.12.1.tgz",
      "integrity": "sha1-XAgV08xvkP9fqvWyaKbiO0ypBPo="
    },
    "popper.js": {
      "version": "1.14.7",
      "resolved": "https://registry.npmjs.org/popper.js/-/popper.js-1.14.7.tgz",
      "integrity": "sha512-4q1hNvoUre/8srWsH7hnoSJ5xVmIL4qgz+s4qf2TnJIMyZFUFMGH+9vE7mXynAlHSZ/NdTmmow86muD0myUkVQ=="
    },
    "sorttable": {
      "version": "1.0.2",
      "resolved": "https://registry.npmjs.org/sorttable/-/sorttable-1.0.2.tgz",
      "integrity": "sha512-dY6xMviQb4+zeZ11MSOqYfgXbv3pA6q4y35/lqVRulAXhR36MYvYjxTSWbctwiVWaRk0ufY10gNwFrcdrXPeWA=="
    },
    "survey-jquery": {
      "version": "1.0.71",
      "resolved": "https://registry.npmjs.org/survey-jquery/-/survey-jquery-1.0.71.tgz",
      "integrity": "sha512-5CZFmIkXYw2Mv8EdplM8/Mg7OS3flzl5aaC9xPbDYo8cyUwrtzRFNP8Xu/ope0SBXScpfvsG2mqKrGfqH/KdUg==",
      "requires": {
        "@types/knockout": "3.4.46",
        "jquery": ">=1.12.4"
      }
    }
  }
}
